
Microsoft Visual Studio Solution File, Format Version 12.00
# Visual Studio Version 17
VisualStudioVersion = 17.7.34202.233
MinimumVisualStudioVersion = 10.0.40219.1
Project("{FAE04EC0-301F-11D3-BF4B-00C04F79EFBC}") = "azure-ims-dotnet-app", "azure-ims-dotnet-app.csproj", "{E14B992A-2B2B-4D6F-B94F-3DC88D4ECBAB}"
EndProject
Global
	GlobalSection(SolutionConfigurationPlatforms) = preSolution
		Debug|Any CPU = Debug|Any CPU
		Release|Any CPU = Release|Any CPU
	EndGlobalSection
	GlobalSection(ProjectConfigurationPlatforms) = postSolution
		{E14B992A-2B2B-4D6F-B94F-3DC88D4ECBAB}.Debug|Any CPU.ActiveCfg = Debug|Any CPU
		{E14B992A-2B2B-4D6F-B94F-3DC88D4ECBAB}.Debug|Any CPU.Build.0 = Debug|Any CPU
		{E14B992A-2B2B-4D6F-B94F-3DC88D4ECBAB}.Release|Any CPU.ActiveCfg = Release|Any CPU
		{E14B992A-2B2B-4D6F-B94F-3DC88D4ECBAB}.Release|Any CPU.Build.0 = Release|Any CPU
	EndGlobalSection
	GlobalSection(SolutionProperties) = preSolution
		HideSolutionNode = FALSE
	EndGlobalSection
	GlobalSection(ExtensibilityGlobals) = postSolution
		SolutionGuid = {64468C47-F400-4EA1-8C71-262F153FD41F}
	EndGlobalSection
EndGlobal
